
Microsoft Visual Studio Solution File, Format Version 12.00
# Visual Studio Version 16
VisualStudioVersion = 16.0.30204.135
MinimumVisualStudioVersion = 10.0.40219.1
Project("{FAE04EC0-301F-11D3-BF4B-00C04F79EFBC}") = "SwissLocations", "SwissLocations\SwissLocations.csproj", "{DD229869-5551-4B79-B4AF-EAE96FC109D4}"
EndProject
Global
	GlobalSection(SolutionConfigurationPlatforms) = preSolution
		Debug|Any CPU = Debug|Any CPU
		Release|Any CPU = Release|Any CPU
	EndGlobalSection
	GlobalSection(ProjectConfigurationPlatforms) = postSolution
		{DD229869-5551-4B79-B4AF-EAE96FC109D4}.Debug|Any CPU.ActiveCfg = Debug|Any CPU
		{DD229869-5551-4B79-B4AF-EAE96FC109D4}.Debug|Any CPU.Build.0 = Debug|Any CPU
		{DD229869-5551-4B79-B4AF-EAE96FC109D4}.Release|Any CPU.ActiveCfg = Release|Any CPU
		{DD229869-5551-4B79-B4AF-EAE96FC109D4}.Release|Any CPU.Build.0 = Release|Any CPU
	EndGlobalSection
	GlobalSection(SolutionProperties) = preSolution
		HideSolutionNode = FALSE
	EndGlobalSection
	GlobalSection(ExtensibilityGlobals) = postSolution
		SolutionGuid = {66CE96AB-F0FD-4AD0-B933-DD80CE1E90C1}
	EndGlobalSection
EndGlobal
